
Microsoft Visual Studio Solution File, Format Version 12.00
# Visual Studio Version 16
VisualStudioVersion = 16.0.30011.22
MinimumVisualStudioVersion = 10.0.40219.1
Project("{FAE04EC0-301F-11D3-BF4B-00C04F79EFBC}") = "WinesAPI", "WinesAPI.csproj", "{40E528EB-9B47-47CE-84E2-D1AF122D14F9}"
EndProject
Global
	GlobalSection(SolutionConfigurationPlatforms) = preSolution
		Debug|Any CPU = Debug|Any CPU
		Release|Any CPU = Release|Any CPU
	EndGlobalSection
	GlobalSection(ProjectConfigurationPlatforms) = postSolution
		{40E528EB-9B47-47CE-84E2-D1AF122D14F9}.Debug|Any CPU.ActiveCfg = Debug|Any CPU
		{40E528EB-9B47-47CE-84E2-D1AF122D14F9}.Debug|Any CPU.Build.0 = Debug|Any CPU
		{40E528EB-9B47-47CE-84E2-D1AF122D14F9}.Release|Any CPU.ActiveCfg = Release|Any CPU
		{40E528EB-9B47-47CE-84E2-D1AF122D14F9}.Release|Any CPU.Build.0 = Release|Any CPU
	EndGlobalSection
	GlobalSection(SolutionProperties) = preSolution
		HideSolutionNode = FALSE
	EndGlobalSection
	GlobalSection(ExtensibilityGlobals) = postSolution
		SolutionGuid = {2E1D25ED-3916-43F1-96A8-99F6B31EBC60}
	EndGlobalSection
EndGlobal
